// !$*UTF8*$!
{
	archiveVersion = 1;
	classes = {
	};
	objectVersion = 55;
	objects = {

/* Begin PBXBuildFile section */
		18F08E6D6F3AF8DE26AF7FA8 /* Pods_HomeWork5.framework in Frameworks */ = {isa = PBXBuildFile; fileRef = 808BF5E0C54FBCB0DD836826 /* Pods_HomeWork5.framework */; };
		5EC468E127BED4130047277A /* AppDelegate.swift in Sources */ = {isa = PBXBuildFile; fileRef = 5EC468E027BED4130047277A /* AppDelegate.swift */; };
		5EC468E327BED4130047277A /* SceneDelegate.swift in Sources */ = {isa = PBXBuildFile; fileRef = 5EC468E227BED4130047277A /* SceneDelegate.swift */; };
		5EC468E527BED4130047277A /* ViewController.swift in Sources */ = {isa = PBXBuildFile; fileRef = 5EC468E427BED4130047277A /* ViewController.swift */; };
		5EC468E827BED4130047277A /* Main.storyboard in Resources */ = {isa = PBXBuildFile; fileRef = 5EC468E627BED4130047277A /* Main.storyboard */; };
		5EC468EA27BED4140047277A /* Assets.xcassets in Resources */ = {isa = PBXBuildFile; fileRef = 5EC468E927BED4140047277A /* Assets.xcassets */; };
		5EC468ED27BED4140047277A /* LaunchScreen.storyboard in Resources */ = {isa = PBXBuildFile; fileRef = 5EC468EB27BED4140047277A /* LaunchScreen.storyboard */; };
		5EC4697527BED9FC0047277A /* Beers.swift in Sources */ = {isa = PBXBuildFile; fileRef = 5EC4697427BED9FC0047277A /* Beers.swift */; };
		5EC4697727BEDAEA0047277A /* BeerManager.swift in Sources */ = {isa = PBXBuildFile; fileRef = 5EC4697627BEDAEA0047277A /* BeerManager.swift */; };
/* End PBXBuildFile section */

/* Begin PBXFileReference section */
		46455B4BB0FEA2880E916266 /* Pods-HomeWork5.debug.xcconfig */ = {isa = PBXFileReference; includeInIndex = 1; lastKnownFileType = text.xcconfig; name = "Pods-HomeWork5.debug.xcconfig"; path = "Target Support Files/Pods-HomeWork5/Pods-HomeWork5.debug.xcconfig"; sourceTree = "<group>"; };
		5EC468DD27BED4130047277A /* HomeWork5.app */ = {isa = PBXFileReference; explicitFileType = wrapper.application; includeInIndex = 0; path = HomeWork5.app; sourceTree = BUILT_PRODUCTS_DIR; };
		5EC468E027BED4130047277A /* AppDelegate.swift */ = {isa = PBXFileReference; lastKnownFileType = sourcecode.swift; path = AppDelegate.swift; sourceTree = "<group>"; };
		5EC468E227BED4130047277A /* SceneDelegate.swift */ = {isa = PBXFileReference; lastKnownFileType = sourcecode.swift; path = SceneDelegate.swift; sourceTree = "<group>"; };
		5EC468E427BED4130047277A /* ViewController.swift */ = {isa = PBXFileReference; lastKnownFileType = sourcecode.swift; path = ViewController.swift; sourceTree = "<group>"; };
		5EC468E727BED4130047277A /* Base */ = {isa = PBXFileReference; lastKnownFileType = file.storyboard; name = Base; path = Base.lproj/Main.storyboard; sourceTree = "<group>"; };
		5EC468E927BED4140047277A /* Assets.xcassets */ = {isa = PBXFileReference; lastKnownFileType = folder.assetcatalog; path = Assets.xcassets; sourceTree = "<group>"; };
		5EC468EC27BED4140047277A /* Base */ = {isa = PBXFileReference; lastKnownFileType = file.storyboard; name = Base; path = Base.lproj/LaunchScreen.storyboard; sourceTree = "<group>"; };
		5EC468EE27BED4140047277A /* Info.plist */ = {isa = PBXFileReference; lastKnownFileType = text.plist.xml; path = Info.plist; sourceTree = "<group>"; };
		5EC4697427BED9FC0047277A /* Beers.swift */ = {isa = PBXFileReference; lastKnownFileType = sourcecode.swift; path = Beers.swift; sourceTree = "<group>"; };
		5EC4697627BEDAEA0047277A /* BeerManager.swift */ = {isa = PBXFileReference; lastKnownFileType = sourcecode.swift; path = BeerManager.swift; sourceTree = "<group>"; };
		808BF5E0C54FBCB0DD836826 /* Pods_HomeWork5.framework */ = {isa = PBXFileReference; explicitFileType = wrapper.framework; includeInIndex = 0; path = Pods_HomeWork5.framework; sourceTree = BUILT_PRODUCTS_DIR; };
		EAB77AEEDD69D9C6A21FC1CF /* Pods-HomeWork5.release.xcconfig */ = {isa = PBXFileReference; includeInIndex = 1; lastKnownFileType = text.xcconfig; name = "Pods-HomeWork5.release.xcconfig"; path = "Target Support Files/Pods-HomeWork5/Pods-HomeWork5.release.xcconfig"; sourceTree = "<group>"; };
/* End PBXFileReference section */

/* Begin PBXFrameworksBuildPhase section */
		5EC468DA27BED4130047277A /* Frameworks */ = {
			isa = PBXFrameworksBuildPhase;
			buildActionMask = 2147483647;
			files = (
				18F08E6D6F3AF8DE26AF7FA8 /* Pods_HomeWork5.framework in Frameworks */,
			);
			runOnlyForDeploymentPostprocessing = 0;
		};
/* End PBXFrameworksBuildPhase section */

/* Begin PBXGroup section */
		5E97322A2840F6DF00BDE2BA /* Storyboards */ = {
			isa = PBXGroup;
			children = (
				5EC468E627BED4130047277A /* Main.storyboard */,
				5EC468EB27BED4140047277A /* LaunchScreen.storyboard */,
			);
			path = Storyboards;
			sourceTree = "<group>";
		};
		5E97322B2840F6F600BDE2BA /* Controller */ = {
			isa = PBXGroup;
			children = (
				5EC468E427BED4130047277A /* ViewController.swift */,
			);
			path = Controller;
			sourceTree = "<group>";
		};
		5E97322C2840F71C00BDE2BA /* Services */ = {
			isa = PBXGroup;
			children = (
				5EC4697627BEDAEA0047277A /* BeerManager.swift */,
			);
			path = Services;
			sourceTree = "<group>";
		};
		5E97322D2840F75A00BDE2BA /* Model */ = {
			isa = PBXGroup;
			children = (
				5EC4697427BED9FC0047277A /* Beers.swift */,
			);
			path = Model;
			sourceTree = "<group>";
		};
		5EC468D427BED4130047277A = {
			isa = PBXGroup;
			children = (
				5EC468DF27BED4130047277A /* HomeWork5 */,
				5EC468DE27BED4130047277A /* Products */,
				D26F358E1DAEEFF11FF5C30C /* Pods */,
				8ACE178F635EFBB62FD8EA42 /* Frameworks */,
			);
			sourceTree = "<group>";
		};
		5EC468DE27BED4130047277A /* Products */ = {
			isa = PBXGroup;
			children = (
				5EC468DD27BED4130047277A /* HomeWork5.app */,
			);
			name = Products;
			sourceTree = "<group>";
		};
		5EC468DF27BED4130047277A /* HomeWork5 */ = {
			isa = PBXGroup;
			children = (
				5EC468E027BED4130047277A /* AppDelegate.swift */,
				5EC468E227BED4130047277A /* SceneDelegate.swift */,
				5E97322D2840F75A00BDE2BA /* Model */,
				5E97322B2840F6F600BDE2BA /* Controller */,
				5E97322C2840F71C00BDE2BA /* Services */,
				5E97322A2840F6DF00BDE2BA /* Storyboards */,
				5EC468E927BED4140047277A /* Assets.xcassets */,
				5EC468EE27BED4140047277A /* Info.plist */,
			);
			path = HomeWork5;
			sourceTree = "<group>";
		};
		8ACE178F635EFBB62FD8EA42 /* Frameworks */ = {
			isa = PBXGroup;
			children = (
				808BF5E0C54FBCB0DD836826 /* Pods_HomeWork5.framework */,
			);
			name = Frameworks;
			sourceTree = "<group>";
		};
		D26F358E1DAEEFF11FF5C30C /* Pods */ = {
			isa = PBXGroup;
			children = (
				46455B4BB0FEA2880E916266 /* Pods-HomeWork5.debug.xcconfig */,
				EAB77AEEDD69D9C6A21FC1CF /* Pods-HomeWork5.release.xcconfig */,
			);
			name = Pods;
			path = Pods;
			sourceTree = "<group>";
		};
/* End PBXGroup section */

/* Begin PBXNativeTarget section */
		5EC468DC27BED4130047277A /* HomeWork5 */ = {
			isa = PBXNativeTarget;
			buildConfigurationList = 5EC468F127BED4140047277A /* Build configuration list for PBXNativeTarget "HomeWork5" */;
			buildPhases = (
				20E99A8391851DF8E18031B8 /* [CP] Check Pods Manifest.lock */,
				5EC468D927BED4130047277A /* Sources */,
				5EC468DA27BED4130047277A /* Frameworks */,
				5EC468DB27BED4130047277A /* Resources */,
				874AD7B7B3371825847181F6 /* [CP] Embed Pods Frameworks */,
			);
			buildRules = (
			);
			dependencies = (
			);
			name = HomeWork5;
			productName = HomeWork5;
			productReference = 5EC468DD27BED4130047277A /* HomeWork5.app */;
			productType = "com.apple.product-type.application";
		};
/* End PBXNativeTarget section */

/* Begin PBXProject section */
		5EC468D527BED4130047277A /* Project object */ = {
			isa = PBXProject;
			attributes = {
				BuildIndependentTargetsInParallel = 1;
				LastSwiftUpdateCheck = 1320;
				LastUpgradeCheck = 1320;
				TargetAttributes = {
					5EC468DC27BED4130047277A = {
						CreatedOnToolsVersion = 13.2.1;
					};
				};
			};
			buildConfigurationList = 5EC468D827BED4130047277A /* Build configuration list for PBXProject "HomeWork5" */;
			compatibilityVersion = "Xcode 13.0";
			developmentRegion = en;
			hasScannedForEncodings = 0;
			knownRegions = (
				en,
				Base,
			);
			mainGroup = 5EC468D427BED4130047277A;
			productRefGroup = 5EC468DE27BED4130047277A /* Products */;
			projectDirPath = "";
			projectRoot = "";
			targets = (
				5EC468DC27BED4130047277A /* HomeWork5 */,
			);
		};
/* End PBXProject section */

/* Begin PBXResourcesBuildPhase section */
		5EC468DB27BED4130047277A /* Resources */ = {
			isa = PBXResourcesBuildPhase;
			buildActionMask = 2147483647;
			files = (
				5EC468ED27BED4140047277A /* LaunchScreen.storyboard in Resources */,
				5EC468EA27BED4140047277A /* Assets.xcassets in Resources */,
				5EC468E827BED4130047277A /* Main.storyboard in Resources */,
			);
			runOnlyForDeploymentPostprocessing = 0;
		};
/* End PBXResourcesBuildPhase section */

/* Begin PBXShellScriptBuildPhase section */
		20E99A8391851DF8E18031B8 /* [CP] Check Pods Manifest.lock */ = {
			isa = PBXShellScriptBuildPhase;
			buildActionMask = 2147483647;
			files = (
			);
			inputFileListPaths = (
			);
			inputPaths = (
				"${PODS_PODFILE_DIR_PATH}/Podfile.lock",
				"${PODS_ROOT}/Manifest.lock",
			);
			name = "[CP] Check Pods Manifest.lock";
			outputFileListPaths = (
			);
			outputPaths = (
				"$(DERIVED_FILE_DIR)/Pods-HomeWork5-checkManifestLockResult.txt",
			);
			runOnlyForDeploymentPostprocessing = 0;
			shellPath = /bin/sh;
			shellScript = "diff \"${PODS_PODFILE_DIR_PATH}/Podfile.lock\" \"${PODS_ROOT}/Manifest.lock\" > /dev/null\nif [ $? != 0 ] ; then\n    # print error to STDERR\n    echo \"error: The sandbox is not in sync with the Podfile.lock. Run 'pod install' or update your CocoaPods installation.\" >&2\n    exit 1\nfi\n# This output is used by Xcode 'outputs' to avoid re-running this script phase.\necho \"SUCCESS\" > \"${SCRIPT_OUTPUT_FILE_0}\"\n";
			showEnvVarsInLog = 0;
		};
		874AD7B7B3371825847181F6 /* [CP] Embed Pods Frameworks */ = {
			isa = PBXShellScriptBuildPhase;
			buildActionMask = 2147483647;
			files = (
			);
			inputFileListPaths = (
				"${PODS_ROOT}/Target Support Files/Pods-HomeWork5/Pods-HomeWork5-frameworks-${CONFIGURATION}-input-files.xcfilelist",
			);
			name = "[CP] Embed Pods Frameworks";
			outputFileListPaths = (
				"${PODS_ROOT}/Target Support Files/Pods-HomeWork5/Pods-HomeWork5-frameworks-${CONFIGURATION}-output-files.xcfilelist",
			);
			runOnlyForDeploymentPostprocessing = 0;
			shellPath = /bin/sh;
			shellScript = "\"${PODS_ROOT}/Target Support Files/Pods-HomeWork5/Pods-HomeWork5-frameworks.sh\"\n";
			showEnvVarsInLog = 0;
		};
/* End PBXShellScriptBuildPhase section */

/* Begin PBXSourcesBuildPhase section */
		5EC468D927BED4130047277A /* Sources */ = {
			isa = PBXSourcesBuildPhase;
			buildActionMask = 2147483647;
			files = (
				5EC468E527BED4130047277A /* ViewController.swift in Sources */,
				5EC468E127BED4130047277A /* AppDelegate.swift in Sources */,
				5EC468E327BED4130047277A /* SceneDelegate.swift in Sources */,
				5EC4697727BEDAEA0047277A /* BeerManager.swift in Sources */,
				5EC4697527BED9FC0047277A /* Beers.swift in Sources */,
			);
			runOnlyForDeploymentPostprocessing = 0;
		};
/* End PBXSourcesBuildPhase section */

/* Begin PBXVariantGroup section */
		5EC468E627BED4130047277A /* Main.storyboard */ = {
			isa = PBXVariantGroup;
			children = (
				5EC468E727BED4130047277A /* Base */,
			);
			name = Main.storyboard;
			sourceTree = "<group>";
		};
		5EC468EB27BED4140047277A /* LaunchScreen.storyboard */ = {
			isa = PBXVariantGroup;
			children = (
				5EC468EC27BED4140047277A /* Base */,
			);
			name = LaunchScreen.storyboard;
			sourceTree = "<group>";
		};
/* End PBXVariantGroup section */

/* Begin XCBuildConfiguration section */
		5EC468EF27BED4140047277A /* Debug */ = {
			isa = XCBuildConfiguration;
			buildSettings = {
				ALWAYS_SEARCH_USER_PATHS = NO;
				CLANG_ANALYZER_NONNULL = YES;
				CLANG_ANALYZER_NUMBER_OBJECT_CONVERSION = YES_AGGRESSIVE;
				CLANG_CXX_LANGUAGE_STANDARD = "gnu++17";
				CLANG_CXX_LIBRARY = "libc++";
				CLANG_ENABLE_MODULES = YES;
				CLANG_ENABLE_OBJC_ARC = YES;
				CLANG_ENABLE_OBJC_WEAK = YES;
				CLANG_WARN_BLOCK_CAPTURE_AUTORELEASING = YES;
				CLANG_WARN_BOOL_CONVERSION = YES;
				CLANG_WARN_COMMA = YES;
				CLANG_WARN_CONSTANT_CONVERSION = YES;
				CLANG_WARN_DEPRECATED_OBJC_IMPLEMENTATIONS = YES;
				CLANG_WARN_DIRECT_OBJC_ISA_USAGE = YES_ERROR;
				CLANG_WARN_DOCUMENTATION_COMMENTS = YES;
				CLANG_WARN_EMPTY_BODY = YES;
				CLANG_WARN_ENUM_CONVERSION = YES;
				CLANG_WARN_INFINITE_RECURSION = YES;
				CLANG_WARN_INT_CONVERSION = YES;
				CLANG_WARN_NON_LITERAL_NULL_CONVERSION = YES;
				CLANG_WARN_OBJC_IMPLICIT_RETAIN_SELF = YES;
				CLANG_WARN_OBJC_LITERAL_CONVERSION = YES;
				CLANG_WARN_OBJC_ROOT_CLASS = YES_ERROR;
				CLANG_WARN_QUOTED_INCLUDE_IN_FRAMEWORK_HEADER = YES;
				CLANG_WARN_RANGE_LOOP_ANALYSIS = YES;
				CLANG_WARN_STRICT_PROTOTYPES = YES;
				CLANG_WARN_SUSPICIOUS_MOVE = YES;
				CLANG_WARN_UNGUARDED_AVAILABILITY = YES_AGGRESSIVE;
				CLANG_WARN_UNREACHABLE_CODE = YES;
				CLANG_WARN__DUPLICATE_METHOD_MATCH = YES;
				COPY_PHASE_STRIP = NO;
				DEBUG_INFORMATION_FORMAT = dwarf;
				ENABLE_STRICT_OBJC_MSGSEND = YES;
				ENABLE_TESTABILITY = YES;
				GCC_C_LANGUAGE_STANDARD = gnu11;
				GCC_DYNAMIC_NO_PIC = NO;
				GCC_NO_COMMON_BLOCKS = YES;
				GCC_OPTIMIZATION_LEVEL = 0;
				GCC_PREPROCESSOR_DEFINITIONS = (
					"DEBUG=1",
					"$(inherited)",
				);
				GCC_WARN_64_TO_32_BIT_CONVERSION = YES;
				GCC_WARN_ABOUT_RETURN_TYPE = YES_ERROR;
				GCC_WARN_UNDECLARED_SELECTOR = YES;
				GCC_WARN_UNINITIALIZED_AUTOS = YES_AGGRESSIVE;
				GCC_WARN_UNUSED_FUNCTION = YES;
				GCC_WARN_UNUSED_VARIABLE = YES;
				IPHONEOS_DEPLOYMENT_TARGET = 15.2;
				MTL_ENABLE_DEBUG_INFO = INCLUDE_SOURCE;
				MTL_FAST_MATH = YES;
				ONLY_ACTIVE_ARCH = YES;
				SDKROOT = iphoneos;
				SWIFT_ACTIVE_COMPILATION_CONDITIONS = DEBUG;
				SWIFT_OPTIMIZATION_LEVEL = "-Onone";
			};
			name = Debug;
		};
		5EC468F027BED4140047277A /* Release */ = {
			isa = XCBuildConfiguration;
			buildSettings = {
				ALWAYS_SEARCH_USER_PATHS = NO;
				CLANG_ANALYZER_NONNULL = YES;
				CLANG_ANALYZER_NUMBER_OBJECT_CONVERSION = YES_AGGRESSIVE;
				CLANG_CXX_LANGUAGE_STANDARD = "gnu++17";
				CLANG_CXX_LIBRARY = "libc++";
				CLANG_ENABLE_MODULES = YES;
				CLANG_ENABLE_OBJC_ARC = YES;
				CLANG_ENABLE_OBJC_WEAK = YES;
				CLANG_WARN_BLOCK_CAPTURE_AUTORELEASING = YES;
				CLANG_WARN_BOOL_CONVERSION = YES;
				CLANG_WARN_COMMA = YES;
				CLANG_WARN_CONSTANT_CONVERSION = YES;
				CLANG_WARN_DEPRECATED_OBJC_IMPLEMENTATIONS = YES;
				CLANG_WARN_DIRECT_OBJC_ISA_USAGE = YES_ERROR;
				CLANG_WARN_DOCUMENTATION_COMMENTS = YES;
				CLANG_WARN_EMPTY_BODY = YES;
				CLANG_WARN_ENUM_CONVERSION = YES;
				CLANG_WARN_INFINITE_RECURSION = YES;
				CLANG_WARN_INT_CONVERSION = YES;
				CLANG_WARN_NON_LITERAL_NULL_CONVERSION = YES;
				CLANG_WARN_OBJC_IMPLICIT_RETAIN_SELF = YES;
				CLANG_WARN_OBJC_LITERAL_CONVERSION = YES;
				CLANG_WARN_OBJC_ROOT_CLASS = YES_ERROR;
				CLANG_WARN_QUOTED_INCLUDE_IN_FRAMEWORK_HEADER = YES;
				CLANG_WARN_RANGE_LOOP_ANALYSIS = YES;
				CLANG_WARN_STRICT_PROTOTYPES = YES;
				CLANG_WARN_SUSPICIOUS_MOVE = YES;
				CLANG_WARN_UNGUARDED_AVAILABILITY = YES_AGGRESSIVE;
				CLANG_WARN_UNREACHABLE_CODE = YES;
				CLANG_WARN__DUPLICATE_METHOD_MATCH = YES;
				COPY_PHASE_STRIP = NO;
				DEBUG_INFORMATION_FORMAT = "dwarf-with-dsym";
				ENABLE_NS_ASSERTIONS = NO;
				ENABLE_STRICT_OBJC_MSGSEND = YES;
				GCC_C_LANGUAGE_STANDARD = gnu11;
				GCC_NO_COMMON_BLOCKS = YES;
				GCC_WARN_64_TO_32_BIT_CONVERSION = YES;
				GCC_WARN_ABOUT_RETURN_TYPE = YES_ERROR;
				GCC_WARN_UNDECLARED_SELECTOR = YES;
				GCC_WARN_UNINITIALIZED_AUTOS = YES_AGGRESSIVE;
				GCC_WARN_UNUSED_FUNCTION = YES;
				GCC_WARN_UNUSED_VARIABLE = YES;
				IPHONEOS_DEPLOYMENT_TARGET = 15.2;
				MTL_ENABLE_DEBUG_INFO = NO;
				MTL_FAST_MATH = YES;
				SDKROOT = iphoneos;
				SWIFT_COMPILATION_MODE = wholemodule;
				SWIFT_OPTIMIZATION_LEVEL = "-O";
				VALIDATE_PRODUCT = YES;
			};
			name = Release;
		};
		5EC468F227BED4140047277A /* Debug */ = {
			isa = XCBuildConfiguration;
			baseConfigurationReference = 46455B4BB0FEA2880E916266 /* Pods-HomeWork5.debug.xcconfig */;
			buildSettings = {
				ASSETCATALOG_COMPILER_APPICON_NAME = AppIcon;
				ASSETCATALOG_COMPILER_GLOBAL_ACCENT_COLOR_NAME = AccentColor;
				CODE_SIGN_STYLE = Automatic;
				CURRENT_PROJECT_VERSION = 1;
				DEVELOPMENT_TEAM = BCFL245T3H;
				GENERATE_INFOPLIST_FILE = YES;
				INFOPLIST_FILE = HomeWork5/Info.plist;
				INFOPLIST_KEY_UIApplicationSupportsIndirectInputEvents = YES;
				INFOPLIST_KEY_UILaunchStoryboardName = LaunchScreen;
				INFOPLIST_KEY_UIMainStoryboardFile = Main;
				INFOPLIST_KEY_UISupportedInterfaceOrientations_iPad = "UIInterfaceOrientationPortrait UIInterfaceOrientationPortraitUpsideDown UIInterfaceOrientationLandscapeLeft UIInterfaceOrientationLandscapeRight";
				INFOPLIST_KEY_UISupportedInterfaceOrientations_iPhone = "UIInterfaceOrientationPortrait UIInterfaceOrientationLandscapeLeft UIInterfaceOrientationLandscapeRight";
				LD_RUNPATH_SEARCH_PATHS = (
					"$(inherited)",
					"@executable_path/Frameworks",
				);
				MARKETING_VERSION = 1.0;
				PRODUCT_BUNDLE_IDENTIFIER = by.Lapteva.HomeWork5;
				PRODUCT_NAME = "$(TARGET_NAME)";
				SWIFT_EMIT_LOC_STRINGS = YES;
				SWIFT_VERSION = 5.0;
				TARGETED_DEVICE_FAMILY = "1,2";
			};
			name = Debug;
		};
		5EC468F327BED4140047277A /* Release */ = {
			isa = XCBuildConfiguration;
			baseConfigurationReference = EAB77AEEDD69D9C6A21FC1CF /* Pods-HomeWork5.release.xcconfig */;
			buildSettings = {
				ASSETCATALOG_COMPILER_APPICON_NAME = AppIcon;
				ASSETCATALOG_COMPILER_GLOBAL_ACCENT_COLOR_NAME = AccentColor;
				CODE_SIGN_STYLE = Automatic;
				CURRENT_PROJECT_VERSION = 1;
				DEVELOPMENT_TEAM = BCFL245T3H;
				GENERATE_INFOPLIST_FILE = YES;
				INFOPLIST_FILE = HomeWork5/Info.plist;
				INFOPLIST_KEY_UIApplicationSupportsIndirectInputEvents = YES;
				INFOPLIST_KEY_UILaunchStoryboardName = LaunchScreen;
				INFOPLIST_KEY_UIMainStoryboardFile = Main;
				INFOPLIST_KEY_UISupportedInterfaceOrientations_iPad = "UIInterfaceOrientationPortrait UIInterfaceOrientationPortraitUpsideDown UIInterfaceOrientationLandscapeLeft UIInterfaceOrientationLandscapeRight";
				INFOPLIST_KEY_UISupportedInterfaceOrientations_iPhone = "UIInterfaceOrientationPortrait UIInterfaceOrientationLandscapeLeft UIInterfaceOrientationLandscapeRight";
				LD_RUNPATH_SEARCH_PATHS = (
					"$(inherited)",
					"@executable_path/Frameworks",
				);
				MARKETING_VERSION = 1.0;
				PRODUCT_BUNDLE_IDENTIFIER = by.Lapteva.HomeWork5;
				PRODUCT_NAME = "$(TARGET_NAME)";
				SWIFT_EMIT_LOC_STRINGS = YES;
				SWIFT_VERSION = 5.0;
				TARGETED_DEVICE_FAMILY = "1,2";
			};
			name = Release;
		};
/* End XCBuildConfiguration section */

/* Begin XCConfigurationList section */
		5EC468D827BED4130047277A /* Build configuration list for PBXProject "HomeWork5" */ = {
			isa = XCConfigurationList;
			buildConfigurations = (
				5EC468EF27BED4140047277A /* Debug */,
				5EC468F027BED4140047277A /* Release */,
			);
			defaultConfigurationIsVisible = 0;
			defaultConfigurationName = Release;
		};
		5EC468F127BED4140047277A /* Build configuration list for PBXNativeTarget "HomeWork5" */ = {
			isa = XCConfigurationList;
			buildConfigurations = (
				5EC468F227BED4140047277A /* Debug */,
				5EC468F327BED4140047277A /* Release */,
			);
			defaultConfigurationIsVisible = 0;
			defaultConfigurationName = Release;
		};
/* End XCConfigurationList section */
	};
	rootObject = 5EC468D527BED4130047277A /* Project object */;
}
